
Microsoft Visual Studio Solution File, Format Version 12.00
# Visual Studio Version 17
VisualStudioVersion = 17.7.34221.43
MinimumVisualStudioVersion = 10.0.40219.1
Project("{FAE04EC0-301F-11D3-BF4B-00C04F79EFBC}") = "HitAndBlow", "HitAndBlow\HitAndBlow.csproj", "{F23CC3B0-5514-479E-9777-168F010157FB}"
EndProject
Global
	GlobalSection(SolutionConfigurationPlatforms) = preSolution
		Debug|Any CPU = Debug|Any CPU
		Release|Any CPU = Release|Any CPU
	EndGlobalSection
	GlobalSection(ProjectConfigurationPlatforms) = postSolution
		{F23CC3B0-5514-479E-9777-168F010157FB}.Debug|Any CPU.ActiveCfg = Debug|Any CPU
		{F23CC3B0-5514-479E-9777-168F010157FB}.Debug|Any CPU.Build.0 = Debug|Any CPU
		{F23CC3B0-5514-479E-9777-168F010157FB}.Release|Any CPU.ActiveCfg = Release|Any CPU
		{F23CC3B0-5514-479E-9777-168F010157FB}.Release|Any CPU.Build.0 = Release|Any CPU
	EndGlobalSection
	GlobalSection(SolutionProperties) = preSolution
		HideSolutionNode = FALSE
	EndGlobalSection
	GlobalSection(ExtensibilityGlobals) = postSolution
		SolutionGuid = {BBFD8B21-A018-4E2B-97A1-C7C9AA555661}
	EndGlobalSection
EndGlobal
